
Microsoft Visual Studio Solution File, Format Version 12.00
# Visual Studio Version 17
VisualStudioVersion = 17.4.33103.184
MinimumVisualStudioVersion = 10.0.40219.1
Project("{9A19103F-16F7-4668-BE54-9A1E7A4F7556}") = "Tema1_CST", "Tema1_CST\Tema1_CST.csproj", "{A07A0AF9-075E-465E-9D67-D18923BDC9B9}"
EndProject
Global
	GlobalSection(SolutionConfigurationPlatforms) = preSolution
		Debug|Any CPU = Debug|Any CPU
		Release|Any CPU = Release|Any CPU
	EndGlobalSection
	GlobalSection(ProjectConfigurationPlatforms) = postSolution
		{A07A0AF9-075E-465E-9D67-D18923BDC9B9}.Debug|Any CPU.ActiveCfg = Debug|Any CPU
		{A07A0AF9-075E-465E-9D67-D18923BDC9B9}.Debug|Any CPU.Build.0 = Debug|Any CPU
		{A07A0AF9-075E-465E-9D67-D18923BDC9B9}.Release|Any CPU.ActiveCfg = Release|Any CPU
		{A07A0AF9-075E-465E-9D67-D18923BDC9B9}.Release|Any CPU.Build.0 = Release|Any CPU
	EndGlobalSection
	GlobalSection(SolutionProperties) = preSolution
		HideSolutionNode = FALSE
	EndGlobalSection
	GlobalSection(ExtensibilityGlobals) = postSolution
		SolutionGuid = {A405BF7E-DCD3-4091-A15F-EEC79B64ABDD}
	EndGlobalSection
EndGlobal
